// !$*UTF8*$!
{
	archiveVersion = 1;
	classes = {
	};
	objectVersion = 48;
	objects = {

/* Begin PBXBuildFile section */
		116455E7201EF3F800B968FB /* AppDelegate.m in Sources */ = {isa = PBXBuildFile; fileRef = 116455E6201EF3F800B968FB /* AppDelegate.m */; };
		116455EA201EF3F800B968FB /* ViewController.m in Sources */ = {isa = PBXBuildFile; fileRef = 116455E9201EF3F800B968FB /* ViewController.m */; };
		116455EF201EF3F800B968FB /* Assets.xcassets in Resources */ = {isa = PBXBuildFile; fileRef = 116455EE201EF3F800B968FB /* Assets.xcassets */; };
		116455F2201EF3F800B968FB /* LaunchScreen.storyboard in Resources */ = {isa = PBXBuildFile; fileRef = 116455F0201EF3F800B968FB /* LaunchScreen.storyboard */; };
		116455F5201EF3F800B968FB /* main.m in Sources */ = {isa = PBXBuildFile; fileRef = 116455F4201EF3F800B968FB /* main.m */; };
		116455FF201EF3F800B968FB /* SKGestureDemoTests.m in Sources */ = {isa = PBXBuildFile; fileRef = 116455FE201EF3F800B968FB /* SKGestureDemoTests.m */; };
		1164560A201EF3F800B968FB /* SKGestureDemoUITests.m in Sources */ = {isa = PBXBuildFile; fileRef = 11645609201EF3F800B968FB /* SKGestureDemoUITests.m */; };
		11645619201EF5AC00B968FB /* UIPinViewController.m in Sources */ = {isa = PBXBuildFile; fileRef = 11645618201EF5AC00B968FB /* UIPinViewController.m */; };
/* End PBXBuildFile section */

/* Begin PBXContainerItemProxy section */
		116455FB201EF3F800B968FB /* PBXContainerItemProxy */ = {
			isa = PBXContainerItemProxy;
			containerPortal = 116455DA201EF3F800B968FB /* Project object */;
			proxyType = 1;
			remoteGlobalIDString = 116455E1201EF3F800B968FB;
			remoteInfo = SKGestureDemo;
		};
		11645606201EF3F800B968FB /* PBXContainerItemProxy */ = {
			isa = PBXContainerItemProxy;
			containerPortal = 116455DA201EF3F800B968FB /* Project object */;
			proxyType = 1;
			remoteGlobalIDString = 116455E1201EF3F800B968FB;
			remoteInfo = SKGestureDemo;
		};
/* End PBXContainerItemProxy section */

/* Begin PBXFileReference section */
		116455E2201EF3F800B968FB /* SKGestureDemo.app */ = {isa = PBXFileReference; explicitFileType = wrapper.application; includeInIndex = 0; path = SKGestureDemo.app; sourceTree = BUILT_PRODUCTS_DIR; };
		116455E5201EF3F800B968FB /* AppDelegate.h */ = {isa = PBXFileReference; lastKnownFileType = sourcecode.c.h; path = AppDelegate.h; sourceTree = "<group>"; };
		116455E6201EF3F800B968FB /* AppDelegate.m */ = {isa = PBXFileReference; lastKnownFileType = sourcecode.c.objc; path = AppDelegate.m; sourceTree = "<group>"; };
		116455E8201EF3F800B968FB /* ViewController.h */ = {isa = PBXFileReference; lastKnownFileType = sourcecode.c.h; path = ViewController.h; sourceTree = "<group>"; };
		116455E9201EF3F800B968FB /* ViewController.m */ = {isa = PBXFileReference; lastKnownFileType = sourcecode.c.objc; path = ViewController.m; sourceTree = "<group>"; };
		116455EE201EF3F800B968FB /* Assets.xcassets */ = {isa = PBXFileReference; lastKnownFileType = folder.assetcatalog; path = Assets.xcassets; sourceTree = "<group>"; };
		116455F1201EF3F800B968FB /* Base */ = {isa = PBXFileReference; lastKnownFileType = file.storyboard; name = Base; path = Base.lproj/LaunchScreen.storyboard; sourceTree = "<group>"; };
		116455F3201EF3F800B968FB /* Info.plist */ = {isa = PBXFileReference; lastKnownFileType = text.plist.xml; path = Info.plist; sourceTree = "<group>"; };
		116455F4201EF3F800B968FB /* main.m */ = {isa = PBXFileReference; lastKnownFileType = sourcecode.c.objc; path = main.m; sourceTree = "<group>"; };
		116455FA201EF3F800B968FB /* SKGestureDemoTests.xctest */ = {isa = PBXFileReference; explicitFileType = wrapper.cfbundle; includeInIndex = 0; path = SKGestureDemoTests.xctest; sourceTree = BUILT_PRODUCTS_DIR; };
		116455FE201EF3F800B968FB /* SKGestureDemoTests.m */ = {isa = PBXFileReference; lastKnownFileType = sourcecode.c.objc; path = SKGestureDemoTests.m; sourceTree = "<group>"; };
		11645600201EF3F800B968FB /* Info.plist */ = {isa = PBXFileReference; lastKnownFileType = text.plist.xml; path = Info.plist; sourceTree = "<group>"; };
		11645605201EF3F800B968FB /* SKGestureDemoUITests.xctest */ = {isa = PBXFileReference; explicitFileType = wrapper.cfbundle; includeInIndex = 0; path = SKGestureDemoUITests.xctest; sourceTree = BUILT_PRODUCTS_DIR; };
		11645609201EF3F800B968FB /* SKGestureDemoUITests.m */ = {isa = PBXFileReference; lastKnownFileType = sourcecode.c.objc; path = SKGestureDemoUITests.m; sourceTree = "<group>"; };
		1164560B201EF3F800B968FB /* Info.plist */ = {isa = PBXFileReference; lastKnownFileType = text.plist.xml; path = Info.plist; sourceTree = "<group>"; };
		11645617201EF5AC00B968FB /* UIPinViewController.h */ = {isa = PBXFileReference; lastKnownFileType = sourcecode.c.h; path = UIPinViewController.h; sourceTree = "<group>"; };
		11645618201EF5AC00B968FB /* UIPinViewController.m */ = {isa = PBXFileReference; lastKnownFileType = sourcecode.c.objc; path = UIPinViewController.m; sourceTree = "<group>"; };
/* End PBXFileReference section */

/* Begin PBXFrameworksBuildPhase section */
		116455DF201EF3F800B968FB /* Frameworks */ = {
			isa = PBXFrameworksBuildPhase;
			buildActionMask = 2147483647;
			files = (
			);
			runOnlyForDeploymentPostprocessing = 0;
		};
		116455F7201EF3F800B968FB /* Frameworks */ = {
			isa = PBXFrameworksBuildPhase;
			buildActionMask = 2147483647;
			files = (
			);
			runOnlyForDeploymentPostprocessing = 0;
		};
		11645602201EF3F800B968FB /* Frameworks */ = {
			isa = PBXFrameworksBuildPhase;
			buildActionMask = 2147483647;
			files = (
			);
			runOnlyForDeploymentPostprocessing = 0;
		};
/* End PBXFrameworksBuildPhase section */

/* Begin PBXGroup section */
		116455D9201EF3F800B968FB = {
			isa = PBXGroup;
			children = (
				116455E4201EF3F800B968FB /* SKGestureDemo */,
				116455FD201EF3F800B968FB /* SKGestureDemoTests */,
				11645608201EF3F800B968FB /* SKGestureDemoUITests */,
				116455E3201EF3F800B968FB /* Products */,
			);
			sourceTree = "<group>";
		};
		116455E3201EF3F800B968FB /* Products */ = {
			isa = PBXGroup;
			children = (
				116455E2201EF3F800B968FB /* SKGestureDemo.app */,
				116455FA201EF3F800B968FB /* SKGestureDemoTests.xctest */,
				11645605201EF3F800B968FB /* SKGestureDemoUITests.xctest */,
			);
			name = Products;
			sourceTree = "<group>";
		};
		116455E4201EF3F800B968FB /* SKGestureDemo */ = {
			isa = PBXGroup;
			children = (
				116455E5201EF3F800B968FB /* AppDelegate.h */,
				116455E6201EF3F800B968FB /* AppDelegate.m */,
				116455E8201EF3F800B968FB /* ViewController.h */,
				116455E9201EF3F800B968FB /* ViewController.m */,
				11645617201EF5AC00B968FB /* UIPinViewController.h */,
				11645618201EF5AC00B968FB /* UIPinViewController.m */,
				116455EE201EF3F800B968FB /* Assets.xcassets */,
				116455F0201EF3F800B968FB /* LaunchScreen.storyboard */,
				116455F3201EF3F800B968FB /* Info.plist */,
				116455F4201EF3F800B968FB /* main.m */,
			);
			path = SKGestureDemo;
			sourceTree = "<group>";
		};
		116455FD201EF3F800B968FB /* SKGestureDemoTests */ = {
			isa = PBXGroup;
			children = (
				116455FE201EF3F800B968FB /* SKGestureDemoTests.m */,
				11645600201EF3F800B968FB /* Info.plist */,
			);
			path = SKGestureDemoTests;
			sourceTree = "<group>";
		};
		11645608201EF3F800B968FB /* SKGestureDemoUITests */ = {
			isa = PBXGroup;
			children = (
				11645609201EF3F800B968FB /* SKGestureDemoUITests.m */,
				1164560B201EF3F800B968FB /* Info.plist */,
			);
			path = SKGestureDemoUITests;
			sourceTree = "<group>";
		};
/* End PBXGroup section */

/* Begin PBXNativeTarget section */
		116455E1201EF3F800B968FB /* SKGestureDemo */ = {
			isa = PBXNativeTarget;
			buildConfigurationList = 1164560E201EF3F800B968FB /* Build configuration list for PBXNativeTarget "SKGestureDemo" */;
			buildPhases = (
				116455DE201EF3F800B968FB /* Sources */,
				116455DF201EF3F800B968FB /* Frameworks */,
				116455E0201EF3F800B968FB /* Resources */,
			);
			buildRules = (
			);
			dependencies = (
			);
			name = SKGestureDemo;
			productName = SKGestureDemo;
			productReference = 116455E2201EF3F800B968FB /* SKGestureDemo.app */;
			productType = "com.apple.product-type.application";
		};
		116455F9201EF3F800B968FB /* SKGestureDemoTests */ = {
			isa = PBXNativeTarget;
			buildConfigurationList = 11645611201EF3F800B968FB /* Build configuration list for PBXNativeTarget "SKGestureDemoTests" */;
			buildPhases = (
				116455F6201EF3F800B968FB /* Sources */,
				116455F7201EF3F800B968FB /* Frameworks */,
				116455F8201EF3F800B968FB /* Resources */,
			);
			buildRules = (
			);
			dependencies = (
				116455FC201EF3F800B968FB /* PBXTargetDependency */,
			);
			name = SKGestureDemoTests;
			productName = SKGestureDemoTests;
			productReference = 116455FA201EF3F800B968FB /* SKGestureDemoTests.xctest */;
			productType = "com.apple.product-type.bundle.unit-test";
		};
		11645604201EF3F800B968FB /* SKGestureDemoUITests */ = {
			isa = PBXNativeTarget;
			buildConfigurationList = 11645614201EF3F800B968FB /* Build configuration list for PBXNativeTarget "SKGestureDemoUITests" */;
			buildPhases = (
				11645601201EF3F800B968FB /* Sources */,
				11645602201EF3F800B968FB /* Frameworks */,
				11645603201EF3F800B968FB /* Resources */,
			);
			buildRules = (
			);
			dependencies = (
				11645607201EF3F800B968FB /* PBXTargetDependency */,
			);
			name = SKGestureDemoUITests;
			productName = SKGestureDemoUITests;
			productReference = 11645605201EF3F800B968FB /* SKGestureDemoUITests.xctest */;
			productType = "com.apple.product-type.bundle.ui-testing";
		};
/* End PBXNativeTarget section */

/* Begin PBXProject section */
		116455DA201EF3F800B968FB /* Project object */ = {
			isa = PBXProject;
			attributes = {
				LastUpgradeCheck = 0920;
				ORGANIZATIONNAME = alexander;
				TargetAttributes = {
					116455E1201EF3F800B968FB = {
						CreatedOnToolsVersion = 9.2;
						ProvisioningStyle = Automatic;
					};
					116455F9201EF3F800B968FB = {
						CreatedOnToolsVersion = 9.2;
						ProvisioningStyle = Automatic;
						TestTargetID = 116455E1201EF3F800B968FB;
					};
					11645604201EF3F800B968FB = {
						CreatedOnToolsVersion = 9.2;
						ProvisioningStyle = Automatic;
						TestTargetID = 116455E1201EF3F800B968FB;
					};
				};
			};
			buildConfigurationList = 116455DD201EF3F800B968FB /* Build configuration list for PBXProject "SKGestureDemo" */;
			compatibilityVersion = "Xcode 8.0";
			developmentRegion = en;
			hasScannedForEncodings = 0;
			knownRegions = (
				en,
				Base,
			);
			mainGroup = 116455D9201EF3F800B968FB;
			productRefGroup = 116455E3201EF3F800B968FB /* Products */;
			projectDirPath = "";
			projectRoot = "";
			targets = (
				116455E1201EF3F800B968FB /* SKGestureDemo */,
				116455F9201EF3F800B968FB /* SKGestureDemoTests */,
				11645604201EF3F800B968FB /* SKGestureDemoUITests */,
			);
		};
/* End PBXProject section */

/* Begin PBXResourcesBuildPhase section */
		116455E0201EF3F800B968FB /* Resources */ = {
			isa = PBXResourcesBuildPhase;
			buildActionMask = 2147483647;
			files = (
				116455F2201EF3F800B968FB /* LaunchScreen.storyboard in Resources */,
				116455EF201EF3F800B968FB /* Assets.xcassets in Resources */,
			);
			runOnlyForDeploymentPostprocessing = 0;
		};
		116455F8201EF3F800B968FB /* Resources */ = {
			isa = PBXResourcesBuildPhase;
			buildActionMask = 2147483647;
			files = (
			);
			runOnlyForDeploymentPostprocessing = 0;
		};
		11645603201EF3F800B968FB /* Resources */ = {
			isa = PBXResourcesBuildPhase;
			buildActionMask = 2147483647;
			files = (
			);
			runOnlyForDeploymentPostprocessing = 0;
		};
/* End PBXResourcesBuildPhase section */

/* Begin PBXSourcesBuildPhase section */
		116455DE201EF3F800B968FB /* Sources */ = {
			isa = PBXSourcesBuildPhase;
			buildActionMask = 2147483647;
			files = (
				11645619201EF5AC00B968FB /* UIPinViewController.m in Sources */,
				116455EA201EF3F800B968FB /* ViewController.m in Sources */,
				116455F5201EF3F800B968FB /* main.m in Sources */,
				116455E7201EF3F800B968FB /* AppDelegate.m in Sources */,
			);
			runOnlyForDeploymentPostprocessing = 0;
		};
		116455F6201EF3F800B968FB /* Sources */ = {
			isa = PBXSourcesBuildPhase;
			buildActionMask = 2147483647;
			files = (
				116455FF201EF3F800B968FB /* SKGestureDemoTests.m in Sources */,
			);
			runOnlyForDeploymentPostprocessing = 0;
		};
		11645601201EF3F800B968FB /* Sources */ = {
			isa = PBXSourcesBuildPhase;
			buildActionMask = 2147483647;
			files = (
				1164560A201EF3F800B968FB /* SKGestureDemoUITests.m in Sources */,
			);
			runOnlyForDeploymentPostprocessing = 0;
		};
/* End PBXSourcesBuildPhase section */

/* Begin PBXTargetDependency section */
		116455FC201EF3F800B968FB /* PBXTargetDependency */ = {
			isa = PBXTargetDependency;
			target = 116455E1201EF3F800B968FB /* SKGestureDemo */;
			targetProxy = 116455FB201EF3F800B968FB /* PBXContainerItemProxy */;
		};
		11645607201EF3F800B968FB /* PBXTargetDependency */ = {
			isa = PBXTargetDependency;
			target = 116455E1201EF3F800B968FB /* SKGestureDemo */;
			targetProxy = 11645606201EF3F800B968FB /* PBXContainerItemProxy */;
		};
/* End PBXTargetDependency section */

/* Begin PBXVariantGroup section */
		116455F0201EF3F800B968FB /* LaunchScreen.storyboard */ = {
			isa = PBXVariantGroup;
			children = (
				116455F1201EF3F800B968FB /* Base */,
			);
			name = LaunchScreen.storyboard;
			sourceTree = "<group>";
		};
/* End PBXVariantGroup section */

/* Begin XCBuildConfiguration section */
		1164560C201EF3F800B968FB /* Debug */ = {
			isa = XCBuildConfiguration;
			buildSettings = {
				ALWAYS_SEARCH_USER_PATHS = NO;
				CLANG_ANALYZER_NONNULL = YES;
				CLANG_ANALYZER_NUMBER_OBJECT_CONVERSION = YES_AGGRESSIVE;
				CLANG_CXX_LANGUAGE_STANDARD = "gnu++14";
				CLANG_CXX_LIBRARY = "libc++";
				CLANG_ENABLE_MODULES = YES;
				CLANG_ENABLE_OBJC_ARC = YES;
				CLANG_WARN_BLOCK_CAPTURE_AUTORELEASING = YES;
				CLANG_WARN_BOOL_CONVERSION = YES;
				CLANG_WARN_COMMA = YES;
				CLANG_WARN_CONSTANT_CONVERSION = YES;
				CLANG_WARN_DIRECT_OBJC_ISA_USAGE = YES_ERROR;
				CLANG_WARN_DOCUMENTATION_COMMENTS = YES;
				CLANG_WARN_EMPTY_BODY = YES;
				CLANG_WARN_ENUM_CONVERSION = YES;
				CLANG_WARN_INFINITE_RECURSION = YES;
				CLANG_WARN_INT_CONVERSION = YES;
				CLANG_WARN_NON_LITERAL_NULL_CONVERSION = YES;
				CLANG_WARN_OBJC_LITERAL_CONVERSION = YES;
				CLANG_WARN_OBJC_ROOT_CLASS = YES_ERROR;
				CLANG_WARN_RANGE_LOOP_ANALYSIS = YES;
				CLANG_WARN_STRICT_PROTOTYPES = YES;
				CLANG_WARN_SUSPICIOUS_MOVE = YES;
				CLANG_WARN_UNGUARDED_AVAILABILITY = YES_AGGRESSIVE;
				CLANG_WARN_UNREACHABLE_CODE = YES;
				CLANG_WARN__DUPLICATE_METHOD_MATCH = YES;
				CODE_SIGN_IDENTITY = "iPhone Developer";
				COPY_PHASE_STRIP = NO;
				DEBUG_INFORMATION_FORMAT = dwarf;
				ENABLE_STRICT_OBJC_MSGSEND = YES;
				ENABLE_TESTABILITY = YES;
				GCC_C_LANGUAGE_STANDARD = gnu11;
				GCC_DYNAMIC_NO_PIC = NO;
				GCC_NO_COMMON_BLOCKS = YES;
				GCC_OPTIMIZATION_LEVEL = 0;
				GCC_PREPROCESSOR_DEFINITIONS = (
					"DEBUG=1",
					"$(inherited)",
				);
				GCC_WARN_64_TO_32_BIT_CONVERSION = YES;
				GCC_WARN_ABOUT_RETURN_TYPE = YES_ERROR;
				GCC_WARN_UNDECLARED_SELECTOR = YES;
				GCC_WARN_UNINITIALIZED_AUTOS = YES_AGGRESSIVE;
				GCC_WARN_UNUSED_FUNCTION = YES;
				GCC_WARN_UNUSED_VARIABLE = YES;
				IPHONEOS_DEPLOYMENT_TARGET = 11.2;
				MTL_ENABLE_DEBUG_INFO = YES;
				ONLY_ACTIVE_ARCH = YES;
				SDKROOT = iphoneos;
			};
			name = Debug;
		};
		1164560D201EF3F800B968FB /* Release */ = {
			isa = XCBuildConfiguration;
			buildSettings = {
				ALWAYS_SEARCH_USER_PATHS = NO;
				CLANG_ANALYZER_NONNULL = YES;
				CLANG_ANALYZER_NUMBER_OBJECT_CONVERSION = YES_AGGRESSIVE;
				CLANG_CXX_LANGUAGE_STANDARD = "gnu++14";
				CLANG_CXX_LIBRARY = "libc++";
				CLANG_ENABLE_MODULES = YES;
				CLANG_ENABLE_OBJC_ARC = YES;
				CLANG_WARN_BLOCK_CAPTURE_AUTORELEASING = YES;
				CLANG_WARN_BOOL_CONVERSION = YES;
				CLANG_WARN_COMMA = YES;
				CLANG_WARN_CONSTANT_CONVERSION = YES;
				CLANG_WARN_DIRECT_OBJC_ISA_USAGE = YES_ERROR;
				CLANG_WARN_DOCUMENTATION_COMMENTS = YES;
				CLANG_WARN_EMPTY_BODY = YES;
				CLANG_WARN_ENUM_CONVERSION = YES;
				CLANG_WARN_INFINITE_RECURSION = YES;
				CLANG_WARN_INT_CONVERSION = YES;
				CLANG_WARN_NON_LITERAL_NULL_CONVERSION = YES;
				CLANG_WARN_OBJC_LITERAL_CONVERSION = YES;
				CLANG_WARN_OBJC_ROOT_CLASS = YES_ERROR;
				CLANG_WARN_RANGE_LOOP_ANALYSIS = YES;
				CLANG_WARN_STRICT_PROTOTYPES = YES;
				CLANG_WARN_SUSPICIOUS_MOVE = YES;
				CLANG_WARN_UNGUARDED_AVAILABILITY = YES_AGGRESSIVE;
				CLANG_WARN_UNREACHABLE_CODE = YES;
				CLANG_WARN__DUPLICATE_METHOD_MATCH = YES;
				CODE_SIGN_IDENTITY = "iPhone Developer";
				COPY_PHASE_STRIP = NO;
				DEBUG_INFORMATION_FORMAT = "dwarf-with-dsym";
				ENABLE_NS_ASSERTIONS = NO;
				ENABLE_STRICT_OBJC_MSGSEND = YES;
				GCC_C_LANGUAGE_STANDARD = gnu11;
				GCC_NO_COMMON_BLOCKS = YES;
				GCC_WARN_64_TO_32_BIT_CONVERSION = YES;
				GCC_WARN_ABOUT_RETURN_TYPE = YES_ERROR;
				GCC_WARN_UNDECLARED_SELECTOR = YES;
				GCC_WARN_UNINITIALIZED_AUTOS = YES_AGGRESSIVE;
				GCC_WARN_UNUSED_FUNCTION = YES;
				GCC_WARN_UNUSED_VARIABLE = YES;
				IPHONEOS_DEPLOYMENT_TARGET = 11.2;
				MTL_ENABLE_DEBUG_INFO = NO;
				SDKROOT = iphoneos;
				VALIDATE_PRODUCT = YES;
			};
			name = Release;
		};
		1164560F201EF3F800B968FB /* Debug */ = {
			isa = XCBuildConfiguration;
			buildSettings = {
				ASSETCATALOG_COMPILER_APPICON_NAME = AppIcon;
				CODE_SIGN_STYLE = Automatic;
				DEVELOPMENT_TEAM = R9LD73WP5P;
				INFOPLIST_FILE = SKGestureDemo/Info.plist;
				IPHONEOS_DEPLOYMENT_TARGET = 9.0;
				LD_RUNPATH_SEARCH_PATHS = "$(inherited) @executable_path/Frameworks";
				PRODUCT_BUNDLE_IDENTIFIER = com.sk.SKGestureDemo;
				PRODUCT_NAME = "$(TARGET_NAME)";
				TARGETED_DEVICE_FAMILY = "1,2";
			};
			name = Debug;
		};
		11645610201EF3F800B968FB /* Release */ = {
			isa = XCBuildConfiguration;
			buildSettings = {
				ASSETCATALOG_COMPILER_APPICON_NAME = AppIcon;
				CODE_SIGN_STYLE = Automatic;
				DEVELOPMENT_TEAM = R9LD73WP5P;
				INFOPLIST_FILE = SKGestureDemo/Info.plist;
				IPHONEOS_DEPLOYMENT_TARGET = 9.0;
				LD_RUNPATH_SEARCH_PATHS = "$(inherited) @executable_path/Frameworks";
				PRODUCT_BUNDLE_IDENTIFIER = com.sk.SKGestureDemo;
				PRODUCT_NAME = "$(TARGET_NAME)";
				TARGETED_DEVICE_FAMILY = "1,2";
			};
			name = Release;
		};
		11645612201EF3F800B968FB /* Debug */ = {
			isa = XCBuildConfiguration;
			buildSettings = {
				BUNDLE_LOADER = "$(TEST_HOST)";
				CODE_SIGN_STYLE = Automatic;
				DEVELOPMENT_TEAM = 7DC4XMJV5E;
				INFOPLIST_FILE = SKGestureDemoTests/Info.plist;
				LD_RUNPATH_SEARCH_PATHS = "$(inherited) @executable_path/Frameworks @loader_path/Frameworks";
				PRODUCT_BUNDLE_IDENTIFIER = com.sk.SKGestureDemoTests;
				PRODUCT_NAME = "$(TARGET_NAME)";
				TARGETED_DEVICE_FAMILY = "1,2";
				TEST_HOST = "$(BUILT_PRODUCTS_DIR)/SKGestureDemo.app/SKGestureDemo";
			};
			name = Debug;
		};
		11645613201EF3F800B968FB /* Release */ = {
			isa = XCBuildConfiguration;
			buildSettings = {
				BUNDLE_LOADER = "$(TEST_HOST)";
				CODE_SIGN_STYLE = Automatic;
				DEVELOPMENT_TEAM = 7DC4XMJV5E;
				INFOPLIST_FILE = SKGestureDemoTests/Info.plist;
				LD_RUNPATH_SEARCH_PATHS = "$(inherited) @executable_path/Frameworks @loader_path/Frameworks";
				PRODUCT_BUNDLE_IDENTIFIER = com.sk.SKGestureDemoTests;
				PRODUCT_NAME = "$(TARGET_NAME)";
				TARGETED_DEVICE_FAMILY = "1,2";
				TEST_HOST = "$(BUILT_PRODUCTS_DIR)/SKGestureDemo.app/SKGestureDemo";
			};
			name = Release;
		};
		11645615201EF3F800B968FB /* Debug */ = {
			isa = XCBuildConfiguration;
			buildSettings = {
				CODE_SIGN_STYLE = Automatic;
				DEVELOPMENT_TEAM = 7DC4XMJV5E;
				INFOPLIST_FILE = SKGestureDemoUITests/Info.plist;
				LD_RUNPATH_SEARCH_PATHS = "$(inherited) @executable_path/Frameworks @loader_path/Frameworks";
				PRODUCT_BUNDLE_IDENTIFIER = com.sk.SKGestureDemoUITests;
				PRODUCT_NAME = "$(TARGET_NAME)";
				TARGETED_DEVICE_FAMILY = "1,2";
				TEST_TARGET_NAME = SKGestureDemo;
			};
			name = Debug;
		};
		11645616201EF3F800B968FB /* Release */ = {
			isa = XCBuildConfiguration;
			buildSettings = {
				CODE_SIGN_STYLE = Automatic;
				DEVELOPMENT_TEAM = 7DC4XMJV5E;
				INFOPLIST_FILE = SKGestureDemoUITests/Info.plist;
				LD_RUNPATH_SEARCH_PATHS = "$(inherited) @executable_path/Frameworks @loader_path/Frameworks";
				PRODUCT_BUNDLE_IDENTIFIER = com.sk.SKGestureDemoUITests;
				PRODUCT_NAME = "$(TARGET_NAME)";
				TARGETED_DEVICE_FAMILY = "1,2";
				TEST_TARGET_NAME = SKGestureDemo;
			};
			name = Release;
		};
/* End XCBuildConfiguration section */

/* Begin XCConfigurationList section */
		116455DD201EF3F800B968FB /* Build configuration list for PBXProject "SKGestureDemo" */ = {
			isa = XCConfigurationList;
			buildConfigurations = (
				1164560C201EF3F800B968FB /* Debug */,
				1164560D201EF3F800B968FB /* Release */,
			);
			defaultConfigurationIsVisible = 0;
			defaultConfigurationName = Release;
		};
		1164560E201EF3F800B968FB /* Build configuration list for PBXNativeTarget "SKGestureDemo" */ = {
			isa = XCConfigurationList;
			buildConfigurations = (
				1164560F201EF3F800B968FB /* Debug */,
				11645610201EF3F800B968FB /* Release */,
			);
			defaultConfigurationIsVisible = 0;
			defaultConfigurationName = Release;
		};
		11645611201EF3F800B968FB /* Build configuration list for PBXNativeTarget "SKGestureDemoTests" */ = {
			isa = XCConfigurationList;
			buildConfigurations = (
				11645612201EF3F800B968FB /* Debug */,
				11645613201EF3F800B968FB /* Release */,
			);
			defaultConfigurationIsVisible = 0;
			defaultConfigurationName = Release;
		};
		11645614201EF3F800B968FB /* Build configuration list for PBXNativeTarget "SKGestureDemoUITests" */ = {
			isa = XCConfigurationList;
			buildConfigurations = (
				11645615201EF3F800B968FB /* Debug */,
				11645616201EF3F800B968FB /* Release */,
			);
			defaultConfigurationIsVisible = 0;
			defaultConfigurationName = Release;
		};
/* End XCConfigurationList section */
	};
	rootObject = 116455DA201EF3F800B968FB /* Project object */;
}
